
Microsoft Visual Studio Solution File, Format Version 12.00
# Visual Studio 2012
Project("{D954291E-2A0B-460D-934E-DC6B0785DB48}") = "XamarinCognitiveServices", "XamarinCognitiveServices\XamarinCognitiveServices.shproj", "{914DC004-DE10-466A-BB2D-ADCD5FCC6801}"
EndProject
Project("{FAE04EC0-301F-11D3-BF4B-00C04F79EFBC}") = "XamarinCognitiveServices.iOS", "iOS\XamarinCognitiveServices.iOS.csproj", "{DEF8E980-B3DA-420E-9C8A-0E4828B43F35}"
EndProject
Project("{FAE04EC0-301F-11D3-BF4B-00C04F79EFBC}") = "XamarinCognitiveServices.Droid", "Droid\XamarinCognitiveServices.Droid.csproj", "{EAC41ECD-B4E4-47A5-B243-DB40D74318DC}"
EndProject
Global
	GlobalSection(SolutionConfigurationPlatforms) = preSolution
		Debug|iPhoneSimulator = Debug|iPhoneSimulator
		Release|iPhone = Release|iPhone
		Release|iPhoneSimulator = Release|iPhoneSimulator
		Debug|iPhone = Debug|iPhone
		Debug|Any CPU = Debug|Any CPU
		Release|Any CPU = Release|Any CPU
	EndGlobalSection
	GlobalSection(ProjectConfigurationPlatforms) = postSolution
		{DEF8E980-B3DA-420E-9C8A-0E4828B43F35}.Debug|iPhoneSimulator.ActiveCfg = Debug|iPhoneSimulator
		{DEF8E980-B3DA-420E-9C8A-0E4828B43F35}.Debug|iPhoneSimulator.Build.0 = Debug|iPhoneSimulator
		{DEF8E980-B3DA-420E-9C8A-0E4828B43F35}.Release|iPhone.ActiveCfg = Release|iPhone
		{DEF8E980-B3DA-420E-9C8A-0E4828B43F35}.Release|iPhone.Build.0 = Release|iPhone
		{DEF8E980-B3DA-420E-9C8A-0E4828B43F35}.Release|iPhoneSimulator.ActiveCfg = Release|iPhoneSimulator
		{DEF8E980-B3DA-420E-9C8A-0E4828B43F35}.Release|iPhoneSimulator.Build.0 = Release|iPhoneSimulator
		{DEF8E980-B3DA-420E-9C8A-0E4828B43F35}.Debug|iPhone.ActiveCfg = Debug|iPhone
		{DEF8E980-B3DA-420E-9C8A-0E4828B43F35}.Debug|iPhone.Build.0 = Debug|iPhone
		{DEF8E980-B3DA-420E-9C8A-0E4828B43F35}.Debug|Any CPU.ActiveCfg = Debug|iPhoneSimulator
		{DEF8E980-B3DA-420E-9C8A-0E4828B43F35}.Debug|Any CPU.Build.0 = Debug|iPhoneSimulator
		{DEF8E980-B3DA-420E-9C8A-0E4828B43F35}.Release|Any CPU.ActiveCfg = Release|iPhone
		{DEF8E980-B3DA-420E-9C8A-0E4828B43F35}.Release|Any CPU.Build.0 = Release|iPhone
		{EAC41ECD-B4E4-47A5-B243-DB40D74318DC}.Debug|iPhoneSimulator.ActiveCfg = Debug|Any CPU
		{EAC41ECD-B4E4-47A5-B243-DB40D74318DC}.Debug|iPhoneSimulator.Build.0 = Debug|Any CPU
		{EAC41ECD-B4E4-47A5-B243-DB40D74318DC}.Release|iPhone.ActiveCfg = Release|Any CPU
		{EAC41ECD-B4E4-47A5-B243-DB40D74318DC}.Release|iPhone.Build.0 = Release|Any CPU
		{EAC41ECD-B4E4-47A5-B243-DB40D74318DC}.Release|iPhoneSimulator.ActiveCfg = Release|Any CPU
		{EAC41ECD-B4E4-47A5-B243-DB40D74318DC}.Release|iPhoneSimulator.Build.0 = Release|Any CPU
		{EAC41ECD-B4E4-47A5-B243-DB40D74318DC}.Debug|iPhone.ActiveCfg = Debug|Any CPU
		{EAC41ECD-B4E4-47A5-B243-DB40D74318DC}.Debug|iPhone.Build.0 = Debug|Any CPU
		{EAC41ECD-B4E4-47A5-B243-DB40D74318DC}.Debug|Any CPU.ActiveCfg = Debug|Any CPU
		{EAC41ECD-B4E4-47A5-B243-DB40D74318DC}.Debug|Any CPU.Build.0 = Debug|Any CPU
		{EAC41ECD-B4E4-47A5-B243-DB40D74318DC}.Release|Any CPU.ActiveCfg = Release|Any CPU
		{EAC41ECD-B4E4-47A5-B243-DB40D74318DC}.Release|Any CPU.Build.0 = Release|Any CPU
	EndGlobalSection
EndGlobal
